# THIS IS AN AUTOGENERATED FILE. DO NOT EDIT THIS FILE DIRECTLY.
# yarn lockfile v1


"@next/env@14.2.11":
  version "14.2.11"
  resolved "https://registry.yarnpkg.com/@next/env/-/env-14.2.11.tgz#91fa6865140e7c89c555651cbe28b57180b26b9e"
  integrity sha512-HYsQRSIXwiNqvzzYThrBwq6RhXo3E0n8j8nQnAs8i4fCEo2Zf/3eS0IiRA8XnRg9Ha0YnpkyJZIZg1qEwemrHw==

"@next/swc-darwin-arm64@14.2.11":
  version "14.2.11"
  resolved "https://registry.yarnpkg.com/@next/swc-darwin-arm64/-/swc-darwin-arm64-14.2.11.tgz#0022b52ccc62e21c34a34311ee0251e31cd5ff49"
  integrity sha512-eiY9u7wEJZWp/Pga07Qy3ZmNEfALmmSS1HtsJF3y1QEyaExu7boENz11fWqDmZ3uvcyAxCMhTrA1jfVxITQW8g==

"@next/swc-darwin-x64@14.2.11":
  version "14.2.11"
  resolved "https://registry.yarnpkg.com/@next/swc-darwin-x64/-/swc-darwin-x64-14.2.11.tgz#41151d22b5009a2a83bb57e6d98efb8a8995a3cd"
  integrity sha512-lnB0zYCld4yE0IX3ANrVMmtAbziBb7MYekcmR6iE9bujmgERl6+FK+b0MBq0pl304lYe7zO4yxJus9H/Af8jbg==

"@next/swc-linux-arm64-gnu@14.2.11":
  version "14.2.11"
  resolved "https://registry.yarnpkg.com/@next/swc-linux-arm64-gnu/-/swc-linux-arm64-gnu-14.2.11.tgz#8fdc732c39b79dc7519bb561c48a2417e0eb6b24"
  integrity sha512-Ulo9TZVocYmUAtzvZ7FfldtwUoQY0+9z3BiXZCLSUwU2bp7GqHA7/bqrfsArDlUb2xeGwn3ZuBbKtNK8TR0A8w==

"@next/swc-linux-arm64-musl@14.2.11":
  version "14.2.11"
  resolved "https://registry.yarnpkg.com/@next/swc-linux-arm64-musl/-/swc-linux-arm64-musl-14.2.11.tgz#04c3730ca4bc2f0c56c73db53dd03cf00126a243"
  integrity sha512-fH377DnKGyUnkWlmUpFF1T90m0dADBfK11dF8sOQkiELF9M+YwDRCGe8ZyDzvQcUd20Rr5U7vpZRrAxKwd3Rzg==

"@next/swc-linux-x64-gnu@14.2.11":
  version "14.2.11"
  resolved "https://registry.yarnpkg.com/@next/swc-linux-x64-gnu/-/swc-linux-x64-gnu-14.2.11.tgz#533823c0a96d31122671f670b58da65bdb71f330"
  integrity sha512-a0TH4ZZp4NS0LgXP/488kgvWelNpwfgGTUCDXVhPGH6pInb7yIYNgM4kmNWOxBFt+TIuOH6Pi9NnGG4XWFUyXQ==

"@next/swc-linux-x64-musl@14.2.11":
  version "14.2.11"
  resolved "https://registry.yarnpkg.com/@next/swc-linux-x64-musl/-/swc-linux-x64-musl-14.2.11.tgz#fa81b56095ef4a64bae7f5798e6cdeac9de2906f"
  integrity sha512-DYYZcO4Uir2gZxA4D2JcOAKVs8ZxbOFYPpXSVIgeoQbREbeEHxysVsg3nY4FrQy51e5opxt5mOHl/LzIyZBoKA==

"@next/swc-win32-arm64-msvc@14.2.11":
  version "14.2.11"
  resolved "https://registry.yarnpkg.com/@next/swc-win32-arm64-msvc/-/swc-win32-arm64-msvc-14.2.11.tgz#3ad4a72282f9b5e72f600522156e5bab6efb63a8"
  integrity sha512-PwqHeKG3/kKfPpM6of1B9UJ+Er6ySUy59PeFu0Un0LBzJTRKKAg2V6J60Yqzp99m55mLa+YTbU6xj61ImTv9mg==

"@next/swc-win32-ia32-msvc@14.2.11":
  version "14.2.11"
  resolved "https://registry.yarnpkg.com/@next/swc-win32-ia32-msvc/-/swc-win32-ia32-msvc-14.2.11.tgz#80a6dd48e2f8035c518c2162bf6058bd61921a1b"
  integrity sha512-0U7PWMnOYIvM74GY6rbH6w7v+vNPDVH1gUhlwHpfInJnNe5LkmUZqhp7FNWeNa5wbVgRcRi1F1cyxp4dmeLLvA==

"@next/swc-win32-x64-msvc@14.2.11":
  version "14.2.11"
  resolved "https://registry.yarnpkg.com/@next/swc-win32-x64-msvc/-/swc-win32-x64-msvc-14.2.11.tgz#2150783dfec3b3e0e7c3ecfda2d4f30fbf913d44"
  integrity sha512-gQpS7mcgovWoaTG1FbS5/ojF7CGfql1Q0ZLsMrhcsi2Sr9HEqsUZ70MPJyaYBXbk6iEAP7UXMD9HC8KY1qNwvA==

"@swc/counter@^0.1.3":
  version "0.1.3"
  resolved "https://registry.yarnpkg.com/@swc/counter/-/counter-0.1.3.tgz#cc7463bd02949611c6329596fccd2b0ec782b0e9"
  integrity sha512-e2BR4lsJkkRlKZ/qCHPw9ZaSxc0MVUd7gtbtaB7aMvHeJVYe8sOB8DBZkP2DtISHGSku9sCK6T6cnY0CtXrOCQ==

"@swc/helpers@0.5.5":
  version "0.5.5"
  resolved "https://registry.yarnpkg.com/@swc/helpers/-/helpers-0.5.5.tgz#12689df71bfc9b21c4f4ca00ae55f2f16c8b77c0"
  integrity sha512-KGYxvIOXcceOAbEk4bi/dVLEK9z8sZ0uBB3Il5b1rhfClSpcX0yfRO0KmTkqR2cnQDymwLB+25ZyMzICg/cm/A==
  dependencies:
    "@swc/counter" "^0.1.3"
    tslib "^2.4.0"

"@types/node@^20":
  version "20.16.5"
  resolved "https://registry.yarnpkg.com/@types/node/-/node-20.16.5.tgz#d43c7f973b32ffdf9aa7bd4f80e1072310fd7a53"
  integrity sha512-VwYCweNo3ERajwy0IUlqqcyZ8/A7Zwa9ZP3MnENWcB11AejO+tLy3pu850goUW2FC/IJMdZUfKpX/yxL1gymCA==
  dependencies:
    undici-types "~6.19.2"

"@types/prop-types@*":
  version "15.7.13"
  resolved "https://registry.yarnpkg.com/@types/prop-types/-/prop-types-15.7.13.tgz#2af91918ee12d9d32914feb13f5326658461b451"
  integrity sha512-hCZTSvwbzWGvhqxp/RqVqwU999pBf2vp7hzIjiYOsl8wqOmUxkQ6ddw1cV3l8811+kdUFus/q4d1Y3E3SyEifA==

"@types/react-dom@^18":
  version "18.3.0"
  resolved "https://registry.yarnpkg.com/@types/react-dom/-/react-dom-18.3.0.tgz#0cbc818755d87066ab6ca74fbedb2547d74a82b0"
  integrity sha512-EhwApuTmMBmXuFOikhQLIBUn6uFg81SwLMOAUgodJF14SOBOCMdU04gDoYi0WOJJHD144TL32z4yDqCW3dnkQg==
  dependencies:
    "@types/react" "*"

"@types/react@*", "@types/react@^18.3.7":
  version "18.3.7"
  resolved "https://registry.yarnpkg.com/@types/react/-/react-18.3.7.tgz#6decbfbb01f8d82d56ff5403394121940faa6569"
  integrity sha512-KUnDCJF5+AiZd8owLIeVHqmW9yM4sqmDVf2JRJiBMFkGvkoZ4/WyV2lL4zVsoinmRS/W3FeEdZLEWFRofnT2FQ==
  dependencies:
    "@types/prop-types" "*"
    csstype "^3.0.2"

anymatch@~3.1.2:
  version "3.1.3"
  resolved "https://registry.yarnpkg.com/anymatch/-/anymatch-3.1.3.tgz#790c58b19ba1720a84205b57c618d5ad8524973e"
  integrity sha512-KMReFUr0B4t+D+OBkjR3KYqvocp2XaSzO55UcB6mgQMd3KbcE+mWTyvVV7D/zsdEbNnV6acZUutkiHQXvTr1Rw==
  dependencies:
    normalize-path "^3.0.0"
    picomatch "^2.0.4"

asn1@0.1.11:
  version "0.1.11"
  resolved "https://registry.yarnpkg.com/asn1/-/asn1-0.1.11.tgz#559be18376d08a4ec4dbe80877d27818639b2df7"
  integrity sha512-Fh9zh3G2mZ8qM/kwsiKwL2U2FmXxVsboP4x1mXjnhKHv3SmzaBZoYvxEQJz/YS2gnCgd8xlAVWcZnQyC9qZBsA==

assert-plus@0.1.2:
  version "0.1.2"
  resolved "https://registry.yarnpkg.com/assert-plus/-/assert-plus-0.1.2.tgz#d93ffdbb67ac5507779be316a7d65146417beef8"
  integrity sha512-BbJV8Hq6grYTokkHi/qKS34kfYIFYpu4wKd/H0dARsa6qOqEFH1wboxMwrccAmFjyRjkemjElaVC/sZSUMxHnA==

async@~0.2.7:
  version "0.2.10"
  resolved "https://registry.yarnpkg.com/async/-/async-0.2.10.tgz#b6bbe0b0674b9d719708ca38de8c237cb526c3d1"
  integrity sha512-eAkdoKxU6/LkKDBzLpT+t6Ff5EtfSF4wx1WfJiPEEV7WNLnDaRXk0oVysiEPm262roaachGexwUv94WhSgN5TQ==

aws-sign@~0.3.0:
  version "0.3.0"
  resolved "https://registry.yarnpkg.com/aws-sign/-/aws-sign-0.3.0.tgz#3d81ca69b474b1e16518728b51c24ff0bbedc6e9"
  integrity sha512-pEMJAknifcXqXqYVXzGPIu8mJvxtJxIdpVpAs8HNS+paT+9srRUDMQn+3hULS7WbLmttcmvgMvnDcFujqXJyPw==

binary-extensions@^2.0.0:
  version "2.3.0"
  resolved "https://registry.yarnpkg.com/binary-extensions/-/binary-extensions-2.3.0.tgz#f6e14a97858d327252200242d4ccfe522c445522"
  integrity sha512-Ceh+7ox5qe7LJuLHoY0feh3pHuUDHAcRUeyL2VYghZwfpkNIy/+8Ocg0a3UuSoYzavmylwuLWQOf3hl0jjMMIw==

boom@0.4.x:
  version "0.4.2"
  resolved "https://registry.yarnpkg.com/boom/-/boom-0.4.2.tgz#7a636e9ded4efcefb19cef4947a3c67dfaee911b"
  integrity sha512-OvfN8y1oAxxphzkl2SnCS+ztV/uVKTATtgLjWYg/7KwcNyf3rzpHxNQJZCKtsZd4+MteKczhWbSjtEX4bGgU9g==
  dependencies:
    hoek "0.9.x"

braces@~3.0.2:
  version "3.0.3"
  resolved "https://registry.yarnpkg.com/braces/-/braces-3.0.3.tgz#490332f40919452272d55a8480adc0c441358789"
  integrity sha512-yQbXgO/OSZVD2IsiLlro+7Hf6Q18EJrKSEsdoMzKePKXct3gvD8oLcOQdIzGupr5Fj+EDe8gO/lxc1BzfMpxvA==
  dependencies:
    fill-range "^7.1.1"

busboy@1.6.0:
  version "1.6.0"
  resolved "https://registry.yarnpkg.com/busboy/-/busboy-1.6.0.tgz#966ea36a9502e43cdb9146962523b92f531f6893"
  integrity sha512-8SFQbg/0hQ9xy3UNTB0YEnsNBbWfhf7RtnzpL7TkBiTBRfrQ9Fxcnz7VJsleJpyp6rVLvXiuORqjlHi5q+PYuA==
  dependencies:
    streamsearch "^1.1.0"

caniuse-lite@^1.0.30001579:
  version "1.0.30001660"
  resolved "https://registry.yarnpkg.com/caniuse-lite/-/caniuse-lite-1.0.30001660.tgz#31218de3463fabb44d0b7607b652e56edf2e2355"
  integrity sha512-GacvNTTuATm26qC74pt+ad1fW15mlQ/zuTzzY1ZoIzECTP8HURDfF43kNxPgf7H1jmelCBQTTbBNxdSXOA7Bqg==

"chokidar@>=3.0.0 <4.0.0":
  version "3.6.0"
  resolved "https://registry.yarnpkg.com/chokidar/-/chokidar-3.6.0.tgz#197c6cc669ef2a8dc5e7b4d97ee4e092c3eb0d5b"
  integrity sha512-7VT13fmjotKpGipCW9JEQAusEPE+Ei8nl6/g4FBAmIm0GOOLMua9NDDo/DWp0ZAxCr3cPq5ZpBqmPAQgDda2Pw==
  dependencies:
    anymatch "~3.1.2"
    braces "~3.0.2"
    glob-parent "~5.1.2"
    is-binary-path "~2.1.0"
    is-glob "~4.0.1"
    normalize-path "~3.0.0"
    readdirp "~3.6.0"
  optionalDependencies:
    fsevents "~2.3.2"

classnames@^2.5.1:
  version "2.5.1"
  resolved "https://registry.yarnpkg.com/classnames/-/classnames-2.5.1.tgz#ba774c614be0f016da105c858e7159eae8e7687b"
  integrity sha512-saHYOzhIQs6wy2sVxTM6bUDsQO4F50V9RQ22qBpEdCW+I+/Wmke2HOl6lS6dTpdxVhb88/I6+Hs+438c3lfUow==

client-only@0.0.1:
  version "0.0.1"
  resolved "https://registry.yarnpkg.com/client-only/-/client-only-0.0.1.tgz#38bba5d403c41ab150bff64a95c85013cf73bca1"
  integrity sha512-IV3Ou0jSMzZrd3pZ48nLkT9DA7Ag1pnPzaiQhpW7c3RbcqqzvzzVu+L8gfqMp/8IM2MQtSiqaCxrrcfu8I8rMA==

cn@^0.1.1:
  version "0.1.1"
  resolved "https://registry.yarnpkg.com/cn/-/cn-0.1.1.tgz#d97926f6ca5a4792f1af2f336a8eff6abfaed021"
  integrity sha512-PkWPdg4L4aQEwqqkGzMclTdHlstGzBg773gBtsUCHqXrawQ8wQHf/490Rw2hXPaoI7QXYbCgI67Jfe25TjxLGw==
  dependencies:
    request "~2.21.0"
    string "~1.4.0"

combined-stream@~0.0.4:
  version "0.0.7"
  resolved "https://registry.yarnpkg.com/combined-stream/-/combined-stream-0.0.7.tgz#0137e657baa5a7541c57ac37ac5fc07d73b4dc1f"
  integrity sha512-qfexlmLp9MyrkajQVyjEDb0Vj+KhRgR/rxLiVhaihlT+ZkX0lReqtH6Ack40CvMDERR4b5eFp3CreskpBs1Pig==
  dependencies:
    delayed-stream "0.0.5"

cookie-jar@~0.3.0:
  version "0.3.0"
  resolved "https://registry.yarnpkg.com/cookie-jar/-/cookie-jar-0.3.0.tgz#bc9a27d4e2b97e186cd57c9e2063cb99fa68cccc"
  integrity sha512-dX1400pzPULr+ZovkIsDEqe7XH8xCAYGT5Dege4Eot44Qs2mS2iJmnh45TxTO5MIsCfrV/JGZVloLhm46AHxNw==

cryptiles@0.2.x:
  version "0.2.2"
  resolved "https://registry.yarnpkg.com/cryptiles/-/cryptiles-0.2.2.tgz#ed91ff1f17ad13d3748288594f8a48a0d26f325c"
  integrity sha512-gvWSbgqP+569DdslUiCelxIv3IYK5Lgmq1UrRnk+s1WxQOQ16j3GPDcjdtgL5Au65DU/xQi6q3xPtf5Kta+3IQ==
  dependencies:
    boom "0.4.x"

csstype@^3.0.2:
  version "3.1.3"
  resolved "https://registry.yarnpkg.com/csstype/-/csstype-3.1.3.tgz#d80ff294d114fb0e6ac500fbf85b60137d7eff81"
  integrity sha512-M1uQkMl8rQK/szD0LNhtqxIPLpimGm8sOBwU7lLnCpSbTyY3yeU1Vc7l4KT5zT4s/yOxHH5O7tIuuLOCnLADRw==

ctype@0.5.2:
  version "0.5.2"
  resolved "https://registry.yarnpkg.com/ctype/-/ctype-0.5.2.tgz#fe8091d468a373a0b0c9ff8bbfb3425c00973a1d"
  integrity sha512-C+CbWLSk0xdPcp7evo2YEF0o8SLKcDCQsw//accyrf8/NAWYzmUhmL8ZiSokvuwwMQ08RK10U9pkRcyy8EmA5A==

delayed-stream@0.0.5:
  version "0.0.5"
  resolved "https://registry.yarnpkg.com/delayed-stream/-/delayed-stream-0.0.5.tgz#d4b1f43a93e8296dfe02694f4680bc37a313c73f"
  integrity sha512-v+7uBd1pqe5YtgPacIIbZ8HuHeLFVNe4mUEyFDXL6KiqzEykjbw+5mXZXpGFgNVasdL4jWKgaKIXrEHiynN1LA==

fill-range@^7.1.1:
  version "7.1.1"
  resolved "https://registry.yarnpkg.com/fill-range/-/fill-range-7.1.1.tgz#44265d3cac07e3ea7dc247516380643754a05292"
  integrity sha512-YsGpe3WHLK8ZYi4tWDg2Jy3ebRz2rXowDxnld4bkQB00cc/1Zw9AWnC0i9ztDJitivtQvaI9KaLyKrc+hBW0yg==
  dependencies:
    to-regex-range "^5.0.1"

forever-agent@~0.5.0:
  version "0.5.2"
  resolved "https://registry.yarnpkg.com/forever-agent/-/forever-agent-0.5.2.tgz#6d0e09c4921f94a27f63d3b49c5feff1ea4c5130"
  integrity sha512-PDG5Ef0Dob/JsZUxUltJOhm/Y9mlteAE+46y3M9RBz/Rd3QVENJ75aGRhN56yekTUboaBIkd8KVWX2NjF6+91A==

form-data@0.0.8:
  version "0.0.8"
  resolved "https://registry.yarnpkg.com/form-data/-/form-data-0.0.8.tgz#0890cd1005c5ccecc0b9d24a88052c92442d0db5"
  integrity sha512-yzpBIhe8Ll+dYTXjd+4ORxbQktke+abD0dJjedvqsVVayMkb+PgLGatJNLwo95Va75l3YDZ01SrouzyW9bC2Fg==
  dependencies:
    async "~0.2.7"
    combined-stream "~0.0.4"
    mime "~1.2.2"

fsevents@~2.3.2:
  version "2.3.3"
  resolved "https://registry.yarnpkg.com/fsevents/-/fsevents-2.3.3.tgz#cac6407785d03675a2a5e1a5305c697b347d90d6"
  integrity sha512-5xoDfX+fL7faATnagmWPpbFtwh/R77WmMMqqHGS65C3vvB0YHrgF+B1YmZ3441tMj5n63k0212XNoJwzlhffQw==

glob-parent@~5.1.2:
  version "5.1.2"
  resolved "https://registry.yarnpkg.com/glob-parent/-/glob-parent-5.1.2.tgz#869832c58034fe68a4093c17dc15e8340d8401c4"
  integrity sha512-AOIgSQCepiJYwP3ARnGx+5VnTu2HBYdzbGP45eLw1vr3zB3vZLeyed1sC9hnbcOc9/SrMyM5RPQrkGz4aS9Zow==
  dependencies:
    is-glob "^4.0.1"

graceful-fs@^4.2.11:
  version "4.2.11"
  resolved "https://registry.yarnpkg.com/graceful-fs/-/graceful-fs-4.2.11.tgz#4183e4e8bf08bb6e05bbb2f7d2e0c8f712ca40e3"
  integrity sha512-RbJ5/jmFcNNCcDV5o9eTnBLJ/HszWV0P73bc+Ff4nS/rJj+YaS6IGyiOL0VoBYX+l1Wrl3k63h/KrH+nhJ0XvQ==

hawk@~0.13.0:
  version "0.13.1"
  resolved "https://registry.yarnpkg.com/hawk/-/hawk-0.13.1.tgz#3617958821f58311e4d7f6de291fca662b412ef4"
  integrity sha512-f/1H9bruKJfgLN2KFd+666ILQvJYsJcxaCoIdHaaD2zgl7RUa08/202pGJXhOmQ1kTEdMTSxPnbCsu4l6JARhQ==
  dependencies:
    boom "0.4.x"
    cryptiles "0.2.x"
    hoek "0.8.x"
    sntp "0.2.x"

hoek@0.8.x:
  version "0.8.5"
  resolved "https://registry.yarnpkg.com/hoek/-/hoek-0.8.5.tgz#1e9fd770ef7ebe0274adfcb5b0806a025a5e4e9f"
  integrity sha512-NoKdeYUBOlQ7j9dgvT9BEX90rE6HtDkaMFwR6hfOj26LA2Mwyg5026jOpNBhmNrWIGdPnbBK3sQJI3POwh8wqg==

hoek@0.9.x:
  version "0.9.1"
  resolved "https://registry.yarnpkg.com/hoek/-/hoek-0.9.1.tgz#3d322462badf07716ea7eb85baf88079cddce505"
  integrity sha512-ZZ6eGyzGjyMTmpSPYVECXy9uNfqBR7x5CavhUaLOeD6W0vWK1mp/b7O3f86XE0Mtfo9rZ6Bh3fnuw9Xr8MF9zA==

http-signature@~0.9.11:
  version "0.9.11"
  resolved "https://registry.yarnpkg.com/http-signature/-/http-signature-0.9.11.tgz#9e882714572315e6790a5d0a7955efff1f19e653"
  integrity sha512-OleF+71prrzyaWDTfTXWvv24N/45SjKCPu/3pzzhj8+MgdGaB7Am3NY0ot5uynrzgTwyQ+yoejuFCncCQxyRSA==
  dependencies:
    asn1 "0.1.11"
    assert-plus "0.1.2"
    ctype "0.5.2"

immutable@^4.0.0:
  version "4.3.7"
  resolved "https://registry.yarnpkg.com/immutable/-/immutable-4.3.7.tgz#c70145fc90d89fb02021e65c84eb0226e4e5a381"
  integrity sha512-1hqclzwYwjRDFLjcFxOM5AYkkG0rpFPpr1RLPMEuGczoS7YA8gLhy8SWXYRAA/XwfEHpfo3cw5JGioS32fnMRw==

is-binary-path@~2.1.0:
  version "2.1.0"
  resolved "https://registry.yarnpkg.com/is-binary-path/-/is-binary-path-2.1.0.tgz#ea1f7f3b80f064236e83470f86c09c254fb45b09"
  integrity sha512-ZMERYes6pDydyuGidse7OsHxtbI7WVeUEozgR/g7rd0xUimYNlvZRE/K2MgZTjWy725IfelLeVcEM97mmtRGXw==
  dependencies:
    binary-extensions "^2.0.0"

is-extglob@^2.1.1:
  version "2.1.1"
  resolved "https://registry.yarnpkg.com/is-extglob/-/is-extglob-2.1.1.tgz#a88c02535791f02ed37c76a1b9ea9773c833f8c2"
  integrity sha512-SbKbANkN603Vi4jEZv49LeVJMn4yGwsbzZworEoyEiutsN3nJYdbO36zfhGJ6QEDpOZIFkDtnq5JRxmvl3jsoQ==

is-glob@^4.0.1, is-glob@~4.0.1:
  version "4.0.3"
  resolved "https://registry.yarnpkg.com/is-glob/-/is-glob-4.0.3.tgz#64f61e42cbbb2eec2071a9dac0b28ba1e65d5084"
  integrity sha512-xelSayHH36ZgE7ZWhli7pW34hNbNl8Ojv5KVmkJD4hBdD3th8Tfk9vYasLM+mXWOZhFkgZfxhLSnrwRr4elSSg==
  dependencies:
    is-extglob "^2.1.1"

is-number@^7.0.0:
  version "7.0.0"
  resolved "https://registry.yarnpkg.com/is-number/-/is-number-7.0.0.tgz#7535345b896734d5f80c4d06c50955527a14f12b"
  integrity sha512-41Cifkg6e8TylSpdtTpeLVMqvSBEVzTttHvERD741+pnZ8ANv0004MRL43QKPDlK9cGvNp6NZWZUBlbGXYxxng==

"js-tokens@^3.0.0 || ^4.0.0":
  version "4.0.0"
  resolved "https://registry.yarnpkg.com/js-tokens/-/js-tokens-4.0.0.tgz#19203fb59991df98e3a287050d4647cdeaf32499"
  integrity sha512-RdJUflcE3cUzKiMqQgsCu06FPu9UdIJO0beYbPhHN4k6apgJtifcoCtT9bcxOpYBtpD2kCM6Sbzg4CausW/PKQ==

json-stringify-safe@~4.0.0:
  version "4.0.0"
  resolved "https://registry.yarnpkg.com/json-stringify-safe/-/json-stringify-safe-4.0.0.tgz#77c271aaea54302e68efeaccb56abbf06a9b1a54"
  integrity sha512-qzEpz1SDUb9xvA+LDOkNgjekdV7tuC7zDQf14sqMBtujh8kVbQhF11VWm4DeR99yFNjVSjTTfKa40c9ZQOtwXA==

loose-envify@^1.1.0:
  version "1.4.0"
  resolved "https://registry.yarnpkg.com/loose-envify/-/loose-envify-1.4.0.tgz#71ee51fa7be4caec1a63839f7e682d8132d30caf"
  integrity sha512-lyuxPGr/Wfhrlem2CL/UcnUc1zcqKAImBDzukY7Y5F/yQiNdko6+fRLevlw1HgMySw7f611UIY408EtxRSoK3Q==
  dependencies:
    js-tokens "^3.0.0 || ^4.0.0"

mime@~1.2.2, mime@~1.2.9:
  version "1.2.11"
  resolved "https://registry.yarnpkg.com/mime/-/mime-1.2.11.tgz#58203eed86e3a5ef17aed2b7d9ebd47f0a60dd10"
  integrity sha512-Ysa2F/nqTNGHhhm9MV8ure4+Hc+Y8AWiqUdHxsO7xu8zc92ND9f3kpALHjaP026Ft17UfxrMt95c50PLUeynBw==

nanoid@^3.3.6:
  version "3.3.7"
  resolved "https://registry.yarnpkg.com/nanoid/-/nanoid-3.3.7.tgz#d0c301a691bc8d54efa0a2226ccf3fe2fd656bd8"
  integrity sha512-eSRppjcPIatRIMC1U6UngP8XFcz8MQWGQdt1MTBQ7NaAmvXDfvNxbvWV3x2y6CdEUciCSsDHDQZbhYaB8QEo2g==

next@14.2.11:
  version "14.2.11"
  resolved "https://registry.yarnpkg.com/next/-/next-14.2.11.tgz#86572882d340c5c1ee7e46d00790fa7ba664d6a9"
  integrity sha512-8MDFqHBhdmR2wdfaWc8+lW3A/hppFe1ggQ9vgIu/g2/2QEMYJrPoQP6b+VNk56gIug/bStysAmrpUKtj3XN8Bw==
  dependencies:
    "@next/env" "14.2.11"
    "@swc/helpers" "0.5.5"
    busboy "1.6.0"
    caniuse-lite "^1.0.30001579"
    graceful-fs "^4.2.11"
    postcss "8.4.31"
    styled-jsx "5.1.1"
  optionalDependencies:
    "@next/swc-darwin-arm64" "14.2.11"
    "@next/swc-darwin-x64" "14.2.11"
    "@next/swc-linux-arm64-gnu" "14.2.11"
    "@next/swc-linux-arm64-musl" "14.2.11"
    "@next/swc-linux-x64-gnu" "14.2.11"
    "@next/swc-linux-x64-musl" "14.2.11"
    "@next/swc-win32-arm64-msvc" "14.2.11"
    "@next/swc-win32-ia32-msvc" "14.2.11"
    "@next/swc-win32-x64-msvc" "14.2.11"

node-uuid@~1.4.0:
  version "1.4.8"
  resolved "https://registry.yarnpkg.com/node-uuid/-/node-uuid-1.4.8.tgz#b040eb0923968afabf8d32fb1f17f1167fdab907"
  integrity sha512-TkCET/3rr9mUuRp+CpO7qfgT++aAxfDRaalQhwPFzI9BY/2rCDn6OfpZOVggi1AXfTPpfkTrg5f5WQx5G1uLxA==

normalize-path@^3.0.0, normalize-path@~3.0.0:
  version "3.0.0"
  resolved "https://registry.yarnpkg.com/normalize-path/-/normalize-path-3.0.0.tgz#0dcd69ff23a1c9b11fd0978316644a0388216a65"
  integrity sha512-6eZs5Ls3WtCisHWp9S2GUy8dqkpGi4BVSz3GaqiE6ezub0512ESztXUwUB6C6IKbQkY2Pnb/mD4WYojCRwcwLA==

oauth-sign@~0.3.0:
  version "0.3.0"
  resolved "https://registry.yarnpkg.com/oauth-sign/-/oauth-sign-0.3.0.tgz#cb540f93bb2b22a7d5941691a288d60e8ea9386e"
  integrity sha512-Tr31Sh5FnK9YKm7xTUPyDMsNOvMqkVDND0zvK/Wgj7/H9q8mpye0qG2nVzrnsvLhcsX5DtqXD0la0ks6rkPCGQ==

picocolors@^1.0.0:
  version "1.1.0"
  resolved "https://registry.yarnpkg.com/picocolors/-/picocolors-1.1.0.tgz#5358b76a78cde483ba5cef6a9dc9671440b27d59"
  integrity sha512-TQ92mBOW0l3LeMeyLV6mzy/kWr8lkd/hp3mTg7wYK7zJhuBStmGMBG0BdeDZS/dZx1IukaX6Bk11zcln25o1Aw==

picomatch@^2.0.4, picomatch@^2.2.1:
  version "2.3.1"
  resolved "https://registry.yarnpkg.com/picomatch/-/picomatch-2.3.1.tgz#3ba3833733646d9d3e4995946c1365a67fb07a42"
  integrity sha512-JU3teHTNjmE2VCGFzuY8EXzCDVwEqB2a8fsIvwaStHhAWJEeVd1o1QD80CU6+ZdEXXSLbSsuLwJjkCBWqRQUVA==

postcss@8.4.31:
  version "8.4.31"
  resolved "https://registry.yarnpkg.com/postcss/-/postcss-8.4.31.tgz#92b451050a9f914da6755af352bdc0192508656d"
  integrity sha512-PS08Iboia9mts/2ygV3eLpY5ghnUcfLV/EXTOW1E2qYxJKGGBUtNjN76FYHnMs36RmARn41bC0AZmn+rR0OVpQ==
  dependencies:
    nanoid "^3.3.6"
    picocolors "^1.0.0"
    source-map-js "^1.0.2"

qs@~0.6.0:
  version "0.6.6"
  resolved "https://registry.yarnpkg.com/qs/-/qs-0.6.6.tgz#6e015098ff51968b8a3c819001d5f2c89bc4b107"
  integrity sha512-kN+yNdAf29Jgp+AYHUmC7X4QdJPR8czuMWLNLc0aRxkQ7tB3vJQEONKKT9ou/rW7EbqVec11srC9q9BiVbcnHA==

react-dom@^18:
  version "18.3.1"
  resolved "https://registry.yarnpkg.com/react-dom/-/react-dom-18.3.1.tgz#c2265d79511b57d479b3dd3fdfa51536494c5cb4"
  integrity sha512-5m4nQKp+rZRb09LNH59GM4BxTh9251/ylbKIbpe7TpGxfJ+9kv6BLkLBXIjjspbgbnIBNqlI23tRnTWT0snUIw==
  dependencies:
    loose-envify "^1.1.0"
    scheduler "^0.23.2"

react@^18:
  version "18.3.1"
  resolved "https://registry.yarnpkg.com/react/-/react-18.3.1.tgz#49ab892009c53933625bd16b2533fc754cab2891"
  integrity sha512-wS+hAgJShR0KhEvPJArfuPVN1+Hz1t0Y6n5jLrGQbkb4urgPE/0Rve+1kMB1v/oWgHgm4WIcV+i7F2pTVj+2iQ==
  dependencies:
    loose-envify "^1.1.0"

readdirp@~3.6.0:
  version "3.6.0"
  resolved "https://registry.yarnpkg.com/readdirp/-/readdirp-3.6.0.tgz#74a370bd857116e245b29cc97340cd431a02a6c7"
  integrity sha512-hOS089on8RduqdbhvQ5Z37A0ESjsqz6qnRcffsMU3495FuTdqSm+7bhJ29JvIOsBDEEnan5DPu9t3To9VRlMzA==
  dependencies:
    picomatch "^2.2.1"

request@~2.21.0:
  version "2.21.0"
  resolved "https://registry.yarnpkg.com/request/-/request-2.21.0.tgz#5728ab9c45e5a87c99daccd530298b6673a868d7"
  integrity sha512-jvDa6FC46ystc0cn+EqtJ4B32SSz/cMX7fEIv0UHX4wsYAKJYXjA5EyAMWpRQ+hWCnX9jPD1b4o7xZ/r1Tyx/Q==
  dependencies:
    aws-sign "~0.3.0"
    cookie-jar "~0.3.0"
    forever-agent "~0.5.0"
    form-data "0.0.8"
    hawk "~0.13.0"
    http-signature "~0.9.11"
    json-stringify-safe "~4.0.0"
    mime "~1.2.9"
    node-uuid "~1.4.0"
    oauth-sign "~0.3.0"
    qs "~0.6.0"
    tunnel-agent "~0.3.0"

sass@^1.78.0:
  version "1.78.0"
  resolved "https://registry.yarnpkg.com/sass/-/sass-1.78.0.tgz#cef369b2f9dc21ea1d2cf22c979f52365da60841"
  integrity sha512-AaIqGSrjo5lA2Yg7RvFZrlXDBCp3nV4XP73GrLGvdRWWwk+8H3l0SDvq/5bA4eF+0RFPLuWUk3E+P1U/YqnpsQ==
  dependencies:
    chokidar ">=3.0.0 <4.0.0"
    immutable "^4.0.0"
    source-map-js ">=0.6.2 <2.0.0"

scheduler@^0.23.2:
  version "0.23.2"
  resolved "https://registry.yarnpkg.com/scheduler/-/scheduler-0.23.2.tgz#414ba64a3b282892e944cf2108ecc078d115cdc3"
  integrity sha512-UOShsPwz7NrMUqhR6t0hWjFduvOzbtv7toDH1/hIrfRNIDBnnBWd0CwJTGvTpngVlmwGCdP9/Zl/tVrDqcuYzQ==
  dependencies:
    loose-envify "^1.1.0"

sntp@0.2.x:
  version "0.2.4"
  resolved "https://registry.yarnpkg.com/sntp/-/sntp-0.2.4.tgz#fb885f18b0f3aad189f824862536bceeec750900"
  integrity sha512-bDLrKa/ywz65gCl+LmOiIhteP1bhEsAAzhfMedPoiHP3dyYnAevlaJshdqb9Yu0sRifyP/fRqSt8t+5qGIWlGQ==
  dependencies:
    hoek "0.9.x"

"source-map-js@>=0.6.2 <2.0.0", source-map-js@^1.0.2:
  version "1.2.1"
  resolved "https://registry.yarnpkg.com/source-map-js/-/source-map-js-1.2.1.tgz#1ce5650fddd87abc099eda37dcff024c2667ae46"
  integrity sha512-UXWMKhLOwVKb728IUtQPXxfYU+usdybtUrK/8uGE8CQMvrhOpwvzDBwj0QhSL7MQc7vIsISBG8VQ8+IDQxpfQA==

streamsearch@^1.1.0:
  version "1.1.0"
  resolved "https://registry.yarnpkg.com/streamsearch/-/streamsearch-1.1.0.tgz#404dd1e2247ca94af554e841a8ef0eaa238da764"
  integrity sha512-Mcc5wHehp9aXz1ax6bZUyY5afg9u2rv5cqQI3mRrYkGC8rW2hM02jWuwjtL++LS5qinSyhj2QfLyNsuc+VsExg==

string@~1.4.0:
  version "1.4.0"
  resolved "https://registry.yarnpkg.com/string/-/string-1.4.0.tgz#d147c0abe6c848fbfdff8e20e2bf33cd932613f5"
  integrity sha512-9j9fk92vTPEvp4Z1DDicJsePH4nxZgYJtQFTO/6bSGIqR8A6jm54PivMV1H/vtpCyEIlg7Cz31msXMcq9tm2sA==

styled-jsx@5.1.1:
  version "5.1.1"
  resolved "https://registry.yarnpkg.com/styled-jsx/-/styled-jsx-5.1.1.tgz#839a1c3aaacc4e735fed0781b8619ea5d0009d1f"
  integrity sha512-pW7uC1l4mBZ8ugbiZrcIsiIvVx1UmTfw7UkC3Um2tmfUq9Bhk8IiyEIPl6F8agHgjzku6j0xQEZbfA5uSgSaCw==
  dependencies:
    client-only "0.0.1"

to-regex-range@^5.0.1:
  version "5.0.1"
  resolved "https://registry.yarnpkg.com/to-regex-range/-/to-regex-range-5.0.1.tgz#1648c44aae7c8d988a326018ed72f5b4dd0392e4"
  integrity sha512-65P7iz6X5yEr1cwcgvQxbbIw7Uk3gOy5dIdtZ4rDveLqhrdJP+Li/Hx6tyK0NEb+2GCyneCMJiGqrADCSNk8sQ==
  dependencies:
    is-number "^7.0.0"

tslib@^2.4.0:
  version "2.7.0"
  resolved "https://registry.yarnpkg.com/tslib/-/tslib-2.7.0.tgz#d9b40c5c40ab59e8738f297df3087bf1a2690c01"
  integrity sha512-gLXCKdN1/j47AiHiOkJN69hJmcbGTHI0ImLmbYLHykhgeN0jVGola9yVjFgzCUklsZQMW55o+dW7IXv3RCXDzA==

tunnel-agent@~0.3.0:
  version "0.3.0"
  resolved "https://registry.yarnpkg.com/tunnel-agent/-/tunnel-agent-0.3.0.tgz#ad681b68f5321ad2827c4cfb1b7d5df2cfe942ee"
  integrity sha512-jlGqHGoKzyyjhwv/c9omAgohntThMcGtw8RV/RDLlkbbc08kni/akVxO62N8HaXMVbVsK1NCnpSK3N2xCt22ww==

typescript@^5:
  version "5.6.2"
  resolved "https://registry.yarnpkg.com/typescript/-/typescript-5.6.2.tgz#d1de67b6bef77c41823f822df8f0b3bcff60a5a0"
  integrity sha512-NW8ByodCSNCwZeghjN3o+JX5OFH0Ojg6sadjEKY4huZ52TqbJTJnDo5+Tw98lSy63NZvi4n+ez5m2u5d4PkZyw==

undici-types@~6.19.2:
  version "6.19.8"
  resolved "https://registry.yarnpkg.com/undici-types/-/undici-types-6.19.8.tgz#35111c9d1437ab83a7cdc0abae2f26d88eda0a02"
  integrity sha512-ve2KP6f/JnbPBFyobGHuerC9g1FYGn/F8n1LWTwNxCEzd6IfqTwUQcNXgEtmmQ6DlRrC1hrSrBnCZPokRrDHjw==
